// !$*UTF8*$!
{
	archiveVersion = 1;
	classes = {
	};
	objectVersion = 51;
	objects = {

/* Begin PBXBuildFile section */
		4F83BA349AAC6DCA6328A13F /* Pods_MengGroceryStore.framework in Frameworks */ = {isa = PBXBuildFile; fileRef = 708C53ED20D3D41115B4F982 /* Pods_MengGroceryStore.framework */; };
		7828FD40234778F0003A6208 /* AddNewProductViewController.swift in Sources */ = {isa = PBXBuildFile; fileRef = 7828FD3F234778F0003A6208 /* AddNewProductViewController.swift */; };
		782BAF99237E8B1800D1D4CB /* Toast.swift in Sources */ = {isa = PBXBuildFile; fileRef = 782BAF98237E8B1800D1D4CB /* Toast.swift */; };
		787B414E233DA1F800346A22 /* SalesProductTableViewCell.swift in Sources */ = {isa = PBXBuildFile; fileRef = 787B414D233DA1F800346A22 /* SalesProductTableViewCell.swift */; };
		787B4150233E0AF100346A22 /* CheckOutViewController.swift in Sources */ = {isa = PBXBuildFile; fileRef = 787B414F233E0AF100346A22 /* CheckOutViewController.swift */; };
		78B65795233A4D790080F717 /* AppDelegate.swift in Sources */ = {isa = PBXBuildFile; fileRef = 78B65794233A4D790080F717 /* AppDelegate.swift */; };
		78B65797233A4D790080F717 /* ViewController.swift in Sources */ = {isa = PBXBuildFile; fileRef = 78B65796233A4D790080F717 /* ViewController.swift */; };
		78B6579A233A4D790080F717 /* Main.storyboard in Resources */ = {isa = PBXBuildFile; fileRef = 78B65798233A4D790080F717 /* Main.storyboard */; };
		78B6579C233A4D7B0080F717 /* Assets.xcassets in Resources */ = {isa = PBXBuildFile; fileRef = 78B6579B233A4D7B0080F717 /* Assets.xcassets */; };
		78B6579F233A4D7B0080F717 /* LaunchScreen.storyboard in Resources */ = {isa = PBXBuildFile; fileRef = 78B6579D233A4D7B0080F717 /* LaunchScreen.storyboard */; };
		78B657A7233A4F530080F717 /* GoogleService-Info.plist in Resources */ = {isa = PBXBuildFile; fileRef = 78B657A6233A4F530080F717 /* GoogleService-Info.plist */; };
		78D1600A234850C0001FEAFE /* UIViewTool.swift in Sources */ = {isa = PBXBuildFile; fileRef = 78D16009234850C0001FEAFE /* UIViewTool.swift */; };
		78DA7B0D237D7DF000A7B73A /* CheckOutTableViewCell.swift in Sources */ = {isa = PBXBuildFile; fileRef = 78DA7B0C237D7DF000A7B73A /* CheckOutTableViewCell.swift */; };
		78DFDEE2233B1D500050CD7C /* RestockViewController.swift in Sources */ = {isa = PBXBuildFile; fileRef = 78DFDEE1233B1D500050CD7C /* RestockViewController.swift */; };
		78DFDEE4233B1E110050CD7C /* ScanQRCodeViewController.swift in Sources */ = {isa = PBXBuildFile; fileRef = 78DFDEE3233B1E110050CD7C /* ScanQRCodeViewController.swift */; };
		78DFDEE8233B1FCE0050CD7C /* Alert.swift in Sources */ = {isa = PBXBuildFile; fileRef = 78DFDEE7233B1FCE0050CD7C /* Alert.swift */; };
		78DFDEEA233B21160050CD7C /* UIImageExtension.swift in Sources */ = {isa = PBXBuildFile; fileRef = 78DFDEE9233B21160050CD7C /* UIImageExtension.swift */; };
		78DFDEEE233B3E750050CD7C /* ProductListTableViewCell.swift in Sources */ = {isa = PBXBuildFile; fileRef = 78DFDEED233B3E750050CD7C /* ProductListTableViewCell.swift */; };
		78DFDEF5233BADAB0050CD7C /* ProductDetailViewController.swift in Sources */ = {isa = PBXBuildFile; fileRef = 78DFDEF4233BADAB0050CD7C /* ProductDetailViewController.swift */; };
		78E09B54233D029800897B9A /* SalesProductViewController.swift in Sources */ = {isa = PBXBuildFile; fileRef = 78E09B53233D029800897B9A /* SalesProductViewController.swift */; };
		CC4C750626F2196F00AC2CD2 /* FirmInformationViewController.swift in Sources */ = {isa = PBXBuildFile; fileRef = CC4C750526F2196F00AC2CD2 /* FirmInformationViewController.swift */; };
		CC4C750926F2DA8200AC2CD2 /* FirmInfoTableViewCell.swift in Sources */ = {isa = PBXBuildFile; fileRef = CC4C750826F2DA8200AC2CD2 /* FirmInfoTableViewCell.swift */; };
		CC4C750B26F3703F00AC2CD2 /* AddNewFirmInfoViewController.swift in Sources */ = {isa = PBXBuildFile; fileRef = CC4C750A26F3703F00AC2CD2 /* AddNewFirmInfoViewController.swift */; };
		CC78CDD626E2049300880629 /* ConstraintMultiplierTarget.swift in Sources */ = {isa = PBXBuildFile; fileRef = CC78CDB126E2049300880629 /* ConstraintMultiplierTarget.swift */; };
		CC78CDD726E2049300880629 /* LayoutConstraintItem.swift in Sources */ = {isa = PBXBuildFile; fileRef = CC78CDB226E2049300880629 /* LayoutConstraintItem.swift */; };
		CC78CDD826E2049300880629 /* ConstraintDescription.swift in Sources */ = {isa = PBXBuildFile; fileRef = CC78CDB326E2049300880629 /* ConstraintDescription.swift */; };
		CC78CDD926E2049300880629 /* ConstraintMakerPriortizable.swift in Sources */ = {isa = PBXBuildFile; fileRef = CC78CDB426E2049300880629 /* ConstraintMakerPriortizable.swift */; };
		CC78CDDA26E2049300880629 /* ConstraintAttributes.swift in Sources */ = {isa = PBXBuildFile; fileRef = CC78CDB526E2049300880629 /* ConstraintAttributes.swift */; };
		CC78CDDB26E2049300880629 /* ConstraintViewDSL.swift in Sources */ = {isa = PBXBuildFile; fileRef = CC78CDB626E2049300880629 /* ConstraintViewDSL.swift */; };
		CC78CDDC26E2049300880629 /* ConstraintPriorityTarget.swift in Sources */ = {isa = PBXBuildFile; fileRef = CC78CDB726E2049300880629 /* ConstraintPriorityTarget.swift */; };
		CC78CDDD26E2049300880629 /* ConstraintInsets.swift in Sources */ = {isa = PBXBuildFile; fileRef = CC78CDB826E2049300880629 /* ConstraintInsets.swift */; };
		CC78CDDE26E2049300880629 /* ConstraintMakerFinalizable.swift in Sources */ = {isa = PBXBuildFile; fileRef = CC78CDB926E2049300880629 /* ConstraintMakerFinalizable.swift */; };
		CC78CDDF26E2049300880629 /* ConstraintDSL.swift in Sources */ = {isa = PBXBuildFile; fileRef = CC78CDBA26E2049300880629 /* ConstraintDSL.swift */; };
		CC78CDE026E2049300880629 /* ConstraintMakerExtendable.swift in Sources */ = {isa = PBXBuildFile; fileRef = CC78CDBB26E2049300880629 /* ConstraintMakerExtendable.swift */; };
		CC78CDE126E2049300880629 /* ConstraintPriority.swift in Sources */ = {isa = PBXBuildFile; fileRef = CC78CDBC26E2049300880629 /* ConstraintPriority.swift */; };
		CC78CDE226E2049300880629 /* ConstraintInsetTarget.swift in Sources */ = {isa = PBXBuildFile; fileRef = CC78CDBD26E2049300880629 /* ConstraintInsetTarget.swift */; };
		CC78CDE326E2049300880629 /* ConstraintDirectionalInsetTarget.swift in Sources */ = {isa = PBXBuildFile; fileRef = CC78CDBE26E2049300880629 /* ConstraintDirectionalInsetTarget.swift */; };
		CC78CDE426E2049300880629 /* ConstraintConfig.swift in Sources */ = {isa = PBXBuildFile; fileRef = CC78CDC026E2049300880629 /* ConstraintConfig.swift */; };
		CC78CDE526E2049300880629 /* UILayoutSupport+Extensions.swift in Sources */ = {isa = PBXBuildFile; fileRef = CC78CDC126E2049300880629 /* UILayoutSupport+Extensions.swift */; };
		CC78CDE626E2049300880629 /* ConstraintView.swift in Sources */ = {isa = PBXBuildFile; fileRef = CC78CDC226E2049300880629 /* ConstraintView.swift */; };
		CC78CDE726E2049300880629 /* ConstraintLayoutGuide.swift in Sources */ = {isa = PBXBuildFile; fileRef = CC78CDC326E2049300880629 /* ConstraintLayoutGuide.swift */; };
		CC78CDE826E2049300880629 /* ConstraintLayoutSupport.swift in Sources */ = {isa = PBXBuildFile; fileRef = CC78CDC426E2049300880629 /* ConstraintLayoutSupport.swift */; };
		CC78CDE926E2049300880629 /* Typealiases.swift in Sources */ = {isa = PBXBuildFile; fileRef = CC78CDC526E2049300880629 /* Typealiases.swift */; };
		CC78CDEA26E2049300880629 /* ConstraintConstantTarget.swift in Sources */ = {isa = PBXBuildFile; fileRef = CC78CDC626E2049300880629 /* ConstraintConstantTarget.swift */; };
		CC78CDEB26E2049300880629 /* ConstraintOffsetTarget.swift in Sources */ = {isa = PBXBuildFile; fileRef = CC78CDC726E2049300880629 /* ConstraintOffsetTarget.swift */; };
		CC78CDEC26E2049300880629 /* ConstraintMakerEditable.swift in Sources */ = {isa = PBXBuildFile; fileRef = CC78CDC826E2049300880629 /* ConstraintMakerEditable.swift */; };
		CC78CDED26E2049300880629 /* ConstraintMaker.swift in Sources */ = {isa = PBXBuildFile; fileRef = CC78CDC926E2049300880629 /* ConstraintMaker.swift */; };
		CC78CDEE26E2049300880629 /* ConstraintRelation.swift in Sources */ = {isa = PBXBuildFile; fileRef = CC78CDCA26E2049300880629 /* ConstraintRelation.swift */; };
		CC78CDEF26E2049300880629 /* ConstraintLayoutGuideDSL.swift in Sources */ = {isa = PBXBuildFile; fileRef = CC78CDCB26E2049300880629 /* ConstraintLayoutGuideDSL.swift */; };
		CC78CDF026E2049300880629 /* ConstraintView+Extensions.swift in Sources */ = {isa = PBXBuildFile; fileRef = CC78CDCC26E2049300880629 /* ConstraintView+Extensions.swift */; };
		CC78CDF126E2049300880629 /* ConstraintItem.swift in Sources */ = {isa = PBXBuildFile; fileRef = CC78CDCD26E2049300880629 /* ConstraintItem.swift */; };
		CC78CDF226E2049300880629 /* Constraint.swift in Sources */ = {isa = PBXBuildFile; fileRef = CC78CDCE26E2049300880629 /* Constraint.swift */; };
		CC78CDF326E2049300880629 /* Debugging.swift in Sources */ = {isa = PBXBuildFile; fileRef = CC78CDCF26E2049300880629 /* Debugging.swift */; };
		CC78CDF426E2049300880629 /* ConstraintRelatableTarget.swift in Sources */ = {isa = PBXBuildFile; fileRef = CC78CDD026E2049300880629 /* ConstraintRelatableTarget.swift */; };
		CC78CDF526E2049300880629 /* LayoutConstraint.swift in Sources */ = {isa = PBXBuildFile; fileRef = CC78CDD126E2049300880629 /* LayoutConstraint.swift */; };
		CC78CDF626E2049300880629 /* ConstraintLayoutGuide+Extensions.swift in Sources */ = {isa = PBXBuildFile; fileRef = CC78CDD226E2049300880629 /* ConstraintLayoutGuide+Extensions.swift */; };
		CC78CDF726E2049300880629 /* ConstraintDirectionalInsets.swift in Sources */ = {isa = PBXBuildFile; fileRef = CC78CDD326E2049300880629 /* ConstraintDirectionalInsets.swift */; };
		CC78CDF826E2049300880629 /* ConstraintLayoutSupportDSL.swift in Sources */ = {isa = PBXBuildFile; fileRef = CC78CDD426E2049300880629 /* ConstraintLayoutSupportDSL.swift */; };
		CC78CDF926E2049300880629 /* ConstraintMakerRelatable.swift in Sources */ = {isa = PBXBuildFile; fileRef = CC78CDD526E2049300880629 /* ConstraintMakerRelatable.swift */; };
		CC78CDFB26E205F300880629 /* CommonFunc.swift in Sources */ = {isa = PBXBuildFile; fileRef = CC78CDFA26E205F300880629 /* CommonFunc.swift */; };
		CC78CDFD26E2069700880629 /* Colors.swift in Sources */ = {isa = PBXBuildFile; fileRef = CC78CDFC26E2069700880629 /* Colors.swift */; };
		CC78CDFF26E207EA00880629 /* SystemInfo.swift in Sources */ = {isa = PBXBuildFile; fileRef = CC78CDFE26E207EA00880629 /* SystemInfo.swift */; };
		CC78CE0226E2081100880629 /* BaseViewController.swift in Sources */ = {isa = PBXBuildFile; fileRef = CC78CE0126E2081100880629 /* BaseViewController.swift */; };
		CC78CE0426E21B3500880629 /* DeviceModel.swift in Sources */ = {isa = PBXBuildFile; fileRef = CC78CE0326E21B3500880629 /* DeviceModel.swift */; };
		CC78CE0626E2201900880629 /* PurchaseViewController.swift in Sources */ = {isa = PBXBuildFile; fileRef = CC78CE0526E2201900880629 /* PurchaseViewController.swift */; };
		CC83FC3D26E75A9800231D76 /* ConfigSingleton.swift in Sources */ = {isa = PBXBuildFile; fileRef = CC83FC3C26E75A9800231D76 /* ConfigSingleton.swift */; };
		CC83FC3F26E75F7500231D76 /* ProductInfoModel.swift in Sources */ = {isa = PBXBuildFile; fileRef = CC83FC3E26E75F7500231D76 /* ProductInfoModel.swift */; };
		CC83FC4126E7616B00231D76 /* HttpRequest.swift in Sources */ = {isa = PBXBuildFile; fileRef = CC83FC4026E7616B00231D76 /* HttpRequest.swift */; };
		CC83FC4326E76D6D00231D76 /* ProdustInfoListViewController.swift in Sources */ = {isa = PBXBuildFile; fileRef = CC83FC4226E76D6D00231D76 /* ProdustInfoListViewController.swift */; };
		CC83FC4726E76E9100231D76 /* ProductInfoTableViewCell.swift in Sources */ = {isa = PBXBuildFile; fileRef = CC83FC4626E76E9100231D76 /* ProductInfoTableViewCell.swift */; };
		CC83FC4926EB83D700231D76 /* ProductInformationViewController.swift in Sources */ = {isa = PBXBuildFile; fileRef = CC83FC4826EB83D700231D76 /* ProductInformationViewController.swift */; };
		CC83FC4B26F0C0DE00231D76 /* AddNewProductInfoViewController.swift in Sources */ = {isa = PBXBuildFile; fileRef = CC83FC4A26F0C0DE00231D76 /* AddNewProductInfoViewController.swift */; };
		CC83FC4D26F0D77000231D76 /* FirmInformationModel.swift in Sources */ = {isa = PBXBuildFile; fileRef = CC83FC4C26F0D77000231D76 /* FirmInformationModel.swift */; };
		CC83FC5026F1EC8700231D76 /* FirmInfoListViewController.swift in Sources */ = {isa = PBXBuildFile; fileRef = CC83FC4F26F1EC8700231D76 /* FirmInfoListViewController.swift */; };
/* End PBXBuildFile section */

/* Begin PBXFileReference section */
		27833386D7BAD80D9BEBCF2B /* Pods-MengGroceryStore.debug.xcconfig */ = {isa = PBXFileReference; includeInIndex = 1; lastKnownFileType = text.xcconfig; name = "Pods-MengGroceryStore.debug.xcconfig"; path = "Pods/Target Support Files/Pods-MengGroceryStore/Pods-MengGroceryStore.debug.xcconfig"; sourceTree = "<group>"; };
		5ECCD5681F7C0451D232242D /* Pods-MengGroceryStore.release.xcconfig */ = {isa = PBXFileReference; includeInIndex = 1; lastKnownFileType = text.xcconfig; name = "Pods-MengGroceryStore.release.xcconfig"; path = "Pods/Target Support Files/Pods-MengGroceryStore/Pods-MengGroceryStore.release.xcconfig"; sourceTree = "<group>"; };
		708C53ED20D3D41115B4F982 /* Pods_MengGroceryStore.framework */ = {isa = PBXFileReference; explicitFileType = wrapper.framework; includeInIndex = 0; path = Pods_MengGroceryStore.framework; sourceTree = BUILT_PRODUCTS_DIR; };
		7828FD3F234778F0003A6208 /* AddNewProductViewController.swift */ = {isa = PBXFileReference; lastKnownFileType = sourcecode.swift; path = AddNewProductViewController.swift; sourceTree = "<group>"; };
		782BAF98237E8B1800D1D4CB /* Toast.swift */ = {isa = PBXFileReference; fileEncoding = 4; lastKnownFileType = sourcecode.swift; path = Toast.swift; sourceTree = "<group>"; };
		787B414D233DA1F800346A22 /* SalesProductTableViewCell.swift */ = {isa = PBXFileReference; lastKnownFileType = sourcecode.swift; path = SalesProductTableViewCell.swift; sourceTree = "<group>"; };
		787B414F233E0AF100346A22 /* CheckOutViewController.swift */ = {isa = PBXFileReference; lastKnownFileType = sourcecode.swift; path = CheckOutViewController.swift; sourceTree = "<group>"; };
		78B65791233A4D790080F717 /* MengGroceryStore.app */ = {isa = PBXFileReference; explicitFileType = wrapper.application; includeInIndex = 0; path = MengGroceryStore.app; sourceTree = BUILT_PRODUCTS_DIR; };
		78B65794233A4D790080F717 /* AppDelegate.swift */ = {isa = PBXFileReference; lastKnownFileType = sourcecode.swift; path = AppDelegate.swift; sourceTree = "<group>"; };
		78B65796233A4D790080F717 /* ViewController.swift */ = {isa = PBXFileReference; lastKnownFileType = sourcecode.swift; path = ViewController.swift; sourceTree = "<group>"; };
		78B65799233A4D790080F717 /* Base */ = {isa = PBXFileReference; lastKnownFileType = file.storyboard; name = Base; path = Base.lproj/Main.storyboard; sourceTree = "<group>"; };
		78B6579B233A4D7B0080F717 /* Assets.xcassets */ = {isa = PBXFileReference; lastKnownFileType = folder.assetcatalog; path = Assets.xcassets; sourceTree = "<group>"; };
		78B6579E233A4D7B0080F717 /* Base */ = {isa = PBXFileReference; lastKnownFileType = file.storyboard; name = Base; path = Base.lproj/LaunchScreen.storyboard; sourceTree = "<group>"; };
		78B657A0233A4D7B0080F717 /* Info.plist */ = {isa = PBXFileReference; lastKnownFileType = text.plist.xml; path = Info.plist; sourceTree = "<group>"; };
		78B657A6233A4F530080F717 /* GoogleService-Info.plist */ = {isa = PBXFileReference; fileEncoding = 4; lastKnownFileType = text.plist.xml; path = "GoogleService-Info.plist"; sourceTree = "<group>"; };
		78D16009234850C0001FEAFE /* UIViewTool.swift */ = {isa = PBXFileReference; fileEncoding = 4; lastKnownFileType = sourcecode.swift; path = UIViewTool.swift; sourceTree = "<group>"; };
		78DA7B0C237D7DF000A7B73A /* CheckOutTableViewCell.swift */ = {isa = PBXFileReference; lastKnownFileType = sourcecode.swift; path = CheckOutTableViewCell.swift; sourceTree = "<group>"; };
		78DFDEE1233B1D500050CD7C /* RestockViewController.swift */ = {isa = PBXFileReference; lastKnownFileType = sourcecode.swift; path = RestockViewController.swift; sourceTree = "<group>"; };
		78DFDEE3233B1E110050CD7C /* ScanQRCodeViewController.swift */ = {isa = PBXFileReference; lastKnownFileType = sourcecode.swift; path = ScanQRCodeViewController.swift; sourceTree = "<group>"; };
		78DFDEE7233B1FCE0050CD7C /* Alert.swift */ = {isa = PBXFileReference; lastKnownFileType = sourcecode.swift; path = Alert.swift; sourceTree = "<group>"; };
		78DFDEE9233B21160050CD7C /* UIImageExtension.swift */ = {isa = PBXFileReference; fileEncoding = 4; lastKnownFileType = sourcecode.swift; path = UIImageExtension.swift; sourceTree = "<group>"; };
		78DFDEED233B3E750050CD7C /* ProductListTableViewCell.swift */ = {isa = PBXFileReference; lastKnownFileType = sourcecode.swift; path = ProductListTableViewCell.swift; sourceTree = "<group>"; };
		78DFDEF4233BADAB0050CD7C /* ProductDetailViewController.swift */ = {isa = PBXFileReference; lastKnownFileType = sourcecode.swift; path = ProductDetailViewController.swift; sourceTree = "<group>"; };
		78E09B53233D029800897B9A /* SalesProductViewController.swift */ = {isa = PBXFileReference; lastKnownFileType = sourcecode.swift; path = SalesProductViewController.swift; sourceTree = "<group>"; };
		CC4C750526F2196F00AC2CD2 /* FirmInformationViewController.swift */ = {isa = PBXFileReference; lastKnownFileType = sourcecode.swift; path = FirmInformationViewController.swift; sourceTree = "<group>"; };
		CC4C750826F2DA8200AC2CD2 /* FirmInfoTableViewCell.swift */ = {isa = PBXFileReference; lastKnownFileType = sourcecode.swift; path = FirmInfoTableViewCell.swift; sourceTree = "<group>"; };
		CC4C750A26F3703F00AC2CD2 /* AddNewFirmInfoViewController.swift */ = {isa = PBXFileReference; lastKnownFileType = sourcecode.swift; path = AddNewFirmInfoViewController.swift; sourceTree = "<group>"; };
		CC78CDB126E2049300880629 /* ConstraintMultiplierTarget.swift */ = {isa = PBXFileReference; fileEncoding = 4; lastKnownFileType = sourcecode.swift; path = ConstraintMultiplierTarget.swift; sourceTree = "<group>"; };
		CC78CDB226E2049300880629 /* LayoutConstraintItem.swift */ = {isa = PBXFileReference; fileEncoding = 4; lastKnownFileType = sourcecode.swift; path = LayoutConstraintItem.swift; sourceTree = "<group>"; };
		CC78CDB326E2049300880629 /* ConstraintDescription.swift */ = {isa = PBXFileReference; fileEncoding = 4; lastKnownFileType = sourcecode.swift; path = ConstraintDescription.swift; sourceTree = "<group>"; };
		CC78CDB426E2049300880629 /* ConstraintMakerPriortizable.swift */ = {isa = PBXFileReference; fileEncoding = 4; lastKnownFileType = sourcecode.swift; path = ConstraintMakerPriortizable.swift; sourceTree = "<group>"; };
		CC78CDB526E2049300880629 /* ConstraintAttributes.swift */ = {isa = PBXFileReference; fileEncoding = 4; lastKnownFileType = sourcecode.swift; path = ConstraintAttributes.swift; sourceTree = "<group>"; };
		CC78CDB626E2049300880629 /* ConstraintViewDSL.swift */ = {isa = PBXFileReference; fileEncoding = 4; lastKnownFileType = sourcecode.swift; path = ConstraintViewDSL.swift; sourceTree = "<group>"; };
		CC78CDB726E2049300880629 /* ConstraintPriorityTarget.swift */ = {isa = PBXFileReference; fileEncoding = 4; lastKnownFileType = sourcecode.swift; path = ConstraintPriorityTarget.swift; sourceTree = "<group>"; };
		CC78CDB826E2049300880629 /* ConstraintInsets.swift */ = {isa = PBXFileReference; fileEncoding = 4; lastKnownFileType = sourcecode.swift; path = ConstraintInsets.swift; sourceTree = "<group>"; };
		CC78CDB926E2049300880629 /* ConstraintMakerFinalizable.swift */ = {isa = PBXFileReference; fileEncoding = 4; lastKnownFileType = sourcecode.swift; path = ConstraintMakerFinalizable.swift; sourceTree = "<group>"; };
		CC78CDBA26E2049300880629 /* ConstraintDSL.swift */ = {isa = PBXFileReference; fileEncoding = 4; lastKnownFileType = sourcecode.swift; path = ConstraintDSL.swift; sourceTree = "<group>"; };
		CC78CDBB26E2049300880629 /* ConstraintMakerExtendable.swift */ = {isa = PBXFileReference; fileEncoding = 4; lastKnownFileType = sourcecode.swift; path = ConstraintMakerExtendable.swift; sourceTree = "<group>"; };
		CC78CDBC26E2049300880629 /* ConstraintPriority.swift */ = {isa = PBXFileReference; fileEncoding = 4; lastKnownFileType = sourcecode.swift; path = ConstraintPriority.swift; sourceTree = "<group>"; };
		CC78CDBD26E2049300880629 /* ConstraintInsetTarget.swift */ = {isa = PBXFileReference; fileEncoding = 4; lastKnownFileType = sourcecode.swift; path = ConstraintInsetTarget.swift; sourceTree = "<group>"; };
		CC78CDBE26E2049300880629 /* ConstraintDirectionalInsetTarget.swift */ = {isa = PBXFileReference; fileEncoding = 4; lastKnownFileType = sourcecode.swift; path = ConstraintDirectionalInsetTarget.swift; sourceTree = "<group>"; };
		CC78CDBF26E2049300880629 /* SnapKit.h */ = {isa = PBXFileReference; fileEncoding = 4; lastKnownFileType = sourcecode.c.h; path = SnapKit.h; sourceTree = "<group>"; };
		CC78CDC026E2049300880629 /* ConstraintConfig.swift */ = {isa = PBXFileReference; fileEncoding = 4; lastKnownFileType = sourcecode.swift; path = ConstraintConfig.swift; sourceTree = "<group>"; };
		CC78CDC126E2049300880629 /* UILayoutSupport+Extensions.swift */ = {isa = PBXFileReference; fileEncoding = 4; lastKnownFileType = sourcecode.swift; path = "UILayoutSupport+Extensions.swift"; sourceTree = "<group>"; };
		CC78CDC226E2049300880629 /* ConstraintView.swift */ = {isa = PBXFileReference; fileEncoding = 4; lastKnownFileType = sourcecode.swift; path = ConstraintView.swift; sourceTree = "<group>"; };
		CC78CDC326E2049300880629 /* ConstraintLayoutGuide.swift */ = {isa = PBXFileReference; fileEncoding = 4; lastKnownFileType = sourcecode.swift; path = ConstraintLayoutGuide.swift; sourceTree = "<group>"; };
		CC78CDC426E2049300880629 /* ConstraintLayoutSupport.swift */ = {isa = PBXFileReference; fileEncoding = 4; lastKnownFileType = sourcecode.swift; path = ConstraintLayoutSupport.swift; sourceTree = "<group>"; };
		CC78CDC526E2049300880629 /* Typealiases.swift */ = {isa = PBXFileReference; fileEncoding = 4; lastKnownFileType = sourcecode.swift; path = Typealiases.swift; sourceTree = "<group>"; };
		CC78CDC626E2049300880629 /* ConstraintConstantTarget.swift */ = {isa = PBXFileReference; fileEncoding = 4; lastKnownFileType = sourcecode.swift; path = ConstraintConstantTarget.swift; sourceTree = "<group>"; };
		CC78CDC726E2049300880629 /* ConstraintOffsetTarget.swift */ = {isa = PBXFileReference; fileEncoding = 4; lastKnownFileType = sourcecode.swift; path = ConstraintOffsetTarget.swift; sourceTree = "<group>"; };
		CC78CDC826E2049300880629 /* ConstraintMakerEditable.swift */ = {isa = PBXFileReference; fileEncoding = 4; lastKnownFileType = sourcecode.swift; path = ConstraintMakerEditable.swift; sourceTree = "<group>"; };
		CC78CDC926E2049300880629 /* ConstraintMaker.swift */ = {isa = PBXFileReference; fileEncoding = 4; lastKnownFileType = sourcecode.swift; path = ConstraintMaker.swift; sourceTree = "<group>"; };
		CC78CDCA26E2049300880629 /* ConstraintRelation.swift */ = {isa = PBXFileReference; fileEncoding = 4; lastKnownFileType = sourcecode.swift; path = ConstraintRelation.swift; sourceTree = "<group>"; };
		CC78CDCB26E2049300880629 /* ConstraintLayoutGuideDSL.swift */ = {isa = PBXFileReference; fileEncoding = 4; lastKnownFileType = sourcecode.swift; path = ConstraintLayoutGuideDSL.swift; sourceTree = "<group>"; };
		CC78CDCC26E2049300880629 /* ConstraintView+Extensions.swift */ = {isa = PBXFileReference; fileEncoding = 4; lastKnownFileType = sourcecode.swift; path = "ConstraintView+Extensions.swift"; sourceTree = "<group>"; };
		CC78CDCD26E2049300880629 /* ConstraintItem.swift */ = {isa = PBXFileReference; fileEncoding = 4; lastKnownFileType = sourcecode.swift; path = ConstraintItem.swift; sourceTree = "<group>"; };
		CC78CDCE26E2049300880629 /* Constraint.swift */ = {isa = PBXFileReference; fileEncoding = 4; lastKnownFileType = sourcecode.swift; path = Constraint.swift; sourceTree = "<group>"; };
		CC78CDCF26E2049300880629 /* Debugging.swift */ = {isa = PBXFileReference; fileEncoding = 4; lastKnownFileType = sourcecode.swift; path = Debugging.swift; sourceTree = "<group>"; };
		CC78CDD026E2049300880629 /* ConstraintRelatableTarget.swift */ = {isa = PBXFileReference; fileEncoding = 4; lastKnownFileType = sourcecode.swift; path = ConstraintRelatableTarget.swift; sourceTree = "<group>"; };
		CC78CDD126E2049300880629 /* LayoutConstraint.swift */ = {isa = PBXFileReference; fileEncoding = 4; lastKnownFileType = sourcecode.swift; path = LayoutConstraint.swift; sourceTree = "<group>"; };
		CC78CDD226E2049300880629 /* ConstraintLayoutGuide+Extensions.swift */ = {isa = PBXFileReference; fileEncoding = 4; lastKnownFileType = sourcecode.swift; path = "ConstraintLayoutGuide+Extensions.swift"; sourceTree = "<group>"; };
		CC78CDD326E2049300880629 /* ConstraintDirectionalInsets.swift */ = {isa = PBXFileReference; fileEncoding = 4; lastKnownFileType = sourcecode.swift; path = ConstraintDirectionalInsets.swift; sourceTree = "<group>"; };
		CC78CDD426E2049300880629 /* ConstraintLayoutSupportDSL.swift */ = {isa = PBXFileReference; fileEncoding = 4; lastKnownFileType = sourcecode.swift; path = ConstraintLayoutSupportDSL.swift; sourceTree = "<group>"; };
		CC78CDD526E2049300880629 /* ConstraintMakerRelatable.swift */ = {isa = PBXFileReference; fileEncoding = 4; lastKnownFileType = sourcecode.swift; path = ConstraintMakerRelatable.swift; sourceTree = "<group>"; };
		CC78CDFA26E205F300880629 /* CommonFunc.swift */ = {isa = PBXFileReference; lastKnownFileType = sourcecode.swift; path = CommonFunc.swift; sourceTree = "<group>"; };
		CC78CDFC26E2069700880629 /* Colors.swift */ = {isa = PBXFileReference; lastKnownFileType = sourcecode.swift; path = Colors.swift; sourceTree = "<group>"; };
		CC78CDFE26E207EA00880629 /* SystemInfo.swift */ = {isa = PBXFileReference; fileEncoding = 4; lastKnownFileType = sourcecode.swift; path = SystemInfo.swift; sourceTree = "<group>"; };
		CC78CE0126E2081100880629 /* BaseViewController.swift */ = {isa = PBXFileReference; lastKnownFileType = sourcecode.swift; path = BaseViewController.swift; sourceTree = "<group>"; };
		CC78CE0326E21B3500880629 /* DeviceModel.swift */ = {isa = PBXFileReference; fileEncoding = 4; lastKnownFileType = sourcecode.swift; path = DeviceModel.swift; sourceTree = "<group>"; };
		CC78CE0526E2201900880629 /* PurchaseViewController.swift */ = {isa = PBXFileReference; lastKnownFileType = sourcecode.swift; path = PurchaseViewController.swift; sourceTree = "<group>"; };
		CC83FC3C26E75A9800231D76 /* ConfigSingleton.swift */ = {isa = PBXFileReference; lastKnownFileType = sourcecode.swift; path = ConfigSingleton.swift; sourceTree = "<group>"; };
		CC83FC3E26E75F7500231D76 /* ProductInfoModel.swift */ = {isa = PBXFileReference; lastKnownFileType = sourcecode.swift; path = ProductInfoModel.swift; sourceTree = "<group>"; };
		CC83FC4026E7616B00231D76 /* HttpRequest.swift */ = {isa = PBXFileReference; lastKnownFileType = sourcecode.swift; path = HttpRequest.swift; sourceTree = "<group>"; };
		CC83FC4226E76D6D00231D76 /* ProdustInfoListViewController.swift */ = {isa = PBXFileReference; lastKnownFileType = sourcecode.swift; path = ProdustInfoListViewController.swift; sourceTree = "<group>"; };
		CC83FC4626E76E9100231D76 /* ProductInfoTableViewCell.swift */ = {isa = PBXFileReference; lastKnownFileType = sourcecode.swift; path = ProductInfoTableViewCell.swift; sourceTree = "<group>"; };
		CC83FC4826EB83D700231D76 /* ProductInformationViewController.swift */ = {isa = PBXFileReference; lastKnownFileType = sourcecode.swift; path = ProductInformationViewController.swift; sourceTree = "<group>"; };
		CC83FC4A26F0C0DE00231D76 /* AddNewProductInfoViewController.swift */ = {isa = PBXFileReference; lastKnownFileType = sourcecode.swift; path = AddNewProductInfoViewController.swift; sourceTree = "<group>"; };
		CC83FC4C26F0D77000231D76 /* FirmInformationModel.swift */ = {isa = PBXFileReference; lastKnownFileType = sourcecode.swift; path = FirmInformationModel.swift; sourceTree = "<group>"; };
		CC83FC4F26F1EC8700231D76 /* FirmInfoListViewController.swift */ = {isa = PBXFileReference; lastKnownFileType = sourcecode.swift; path = FirmInfoListViewController.swift; sourceTree = "<group>"; };
/* End PBXFileReference section */

/* Begin PBXFrameworksBuildPhase section */
		78B6578E233A4D790080F717 /* Frameworks */ = {
			isa = PBXFrameworksBuildPhase;
			buildActionMask = 2147483647;
			files = (
				4F83BA349AAC6DCA6328A13F /* Pods_MengGroceryStore.framework in Frameworks */,
			);
			runOnlyForDeploymentPostprocessing = 0;
		};
/* End PBXFrameworksBuildPhase section */

/* Begin PBXGroup section */
		356B861DC5E077C34D3C8A70 /* Frameworks */ = {
			isa = PBXGroup;
			children = (
				708C53ED20D3D41115B4F982 /* Pods_MengGroceryStore.framework */,
			);
			name = Frameworks;
			sourceTree = "<group>";
		};
		78B65788233A4D780080F717 = {
			isa = PBXGroup;
			children = (
				78B65793233A4D790080F717 /* MengGroceryStore */,
				78B65792233A4D790080F717 /* Products */,
				FDD34B1DD7E3BEEF96DD96E4 /* Pods */,
				356B861DC5E077C34D3C8A70 /* Frameworks */,
			);
			sourceTree = "<group>";
		};
		78B65792233A4D790080F717 /* Products */ = {
			isa = PBXGroup;
			children = (
				78B65791233A4D790080F717 /* MengGroceryStore.app */,
			);
			name = Products;
			sourceTree = "<group>";
		};
		78B65793233A4D790080F717 /* MengGroceryStore */ = {
			isa = PBXGroup;
			children = (
				CC78CDB026E2049300880629 /* SnapKit */,
				78B65794233A4D790080F717 /* AppDelegate.swift */,
				CC83FC3C26E75A9800231D76 /* ConfigSingleton.swift */,
				78B65796233A4D790080F717 /* ViewController.swift */,
				CC78CE0026E207F800880629 /* BaseView */,
				78DFDEF1233B420D0050CD7C /* Models */,
				CC83FC4426E76E3400231D76 /* ProductInformation */,
				CC83FC4E26F1EA6900231D76 /* FirmInformation */,
				78DFDEE1233B1D500050CD7C /* RestockViewController.swift */,
				7828FD3F234778F0003A6208 /* AddNewProductViewController.swift */,
				78DFDEE3233B1E110050CD7C /* ScanQRCodeViewController.swift */,
				CC78CE0526E2201900880629 /* PurchaseViewController.swift */,
				78DFDEF4233BADAB0050CD7C /* ProductDetailViewController.swift */,
				78E09B53233D029800897B9A /* SalesProductViewController.swift */,
				787B414D233DA1F800346A22 /* SalesProductTableViewCell.swift */,
				787B414F233E0AF100346A22 /* CheckOutViewController.swift */,
				78DA7B0C237D7DF000A7B73A /* CheckOutTableViewCell.swift */,
				78DFDEED233B3E750050CD7C /* ProductListTableViewCell.swift */,
				78DFDEE6233B1FB80050CD7C /* Helper */,
				78B65798233A4D790080F717 /* Main.storyboard */,
				78B6579B233A4D7B0080F717 /* Assets.xcassets */,
				78B6579D233A4D7B0080F717 /* LaunchScreen.storyboard */,
				78B657A0233A4D7B0080F717 /* Info.plist */,
				78B657A6233A4F530080F717 /* GoogleService-Info.plist */,
			);
			path = MengGroceryStore;
			sourceTree = "<group>";
		};
		78DFDEE6233B1FB80050CD7C /* Helper */ = {
			isa = PBXGroup;
			children = (
				CC78CE0326E21B3500880629 /* DeviceModel.swift */,
				CC78CDFE26E207EA00880629 /* SystemInfo.swift */,
				CC83FC4026E7616B00231D76 /* HttpRequest.swift */,
				782BAF98237E8B1800D1D4CB /* Toast.swift */,
				CC78CDFA26E205F300880629 /* CommonFunc.swift */,
				78D16009234850C0001FEAFE /* UIViewTool.swift */,
				78DFDEE9233B21160050CD7C /* UIImageExtension.swift */,
				CC78CDFC26E2069700880629 /* Colors.swift */,
				78DFDEE7233B1FCE0050CD7C /* Alert.swift */,
			);
			path = Helper;
			sourceTree = "<group>";
		};
		78DFDEF1233B420D0050CD7C /* Models */ = {
			isa = PBXGroup;
			children = (
				CC83FC3E26E75F7500231D76 /* ProductInfoModel.swift */,
				CC83FC4C26F0D77000231D76 /* FirmInformationModel.swift */,
			);
			path = Models;
			sourceTree = "<group>";
		};
		CC4C750726F2DA5200AC2CD2 /* Cell */ = {
			isa = PBXGroup;
			children = (
				CC4C750826F2DA8200AC2CD2 /* FirmInfoTableViewCell.swift */,
			);
			path = Cell;
			sourceTree = "<group>";
		};
		CC78CDB026E2049300880629 /* SnapKit */ = {
			isa = PBXGroup;
			children = (
				CC78CDB126E2049300880629 /* ConstraintMultiplierTarget.swift */,
				CC78CDB226E2049300880629 /* LayoutConstraintItem.swift */,
				CC78CDB326E2049300880629 /* ConstraintDescription.swift */,
				CC78CDB426E2049300880629 /* ConstraintMakerPriortizable.swift */,
				CC78CDB526E2049300880629 /* ConstraintAttributes.swift */,
				CC78CDB626E2049300880629 /* ConstraintViewDSL.swift */,
				CC78CDB726E2049300880629 /* ConstraintPriorityTarget.swift */,
				CC78CDB826E2049300880629 /* ConstraintInsets.swift */,
				CC78CDB926E2049300880629 /* ConstraintMakerFinalizable.swift */,
				CC78CDBA26E2049300880629 /* ConstraintDSL.swift */,
				CC78CDBB26E2049300880629 /* ConstraintMakerExtendable.swift */,
				CC78CDBC26E2049300880629 /* ConstraintPriority.swift */,
				CC78CDBD26E2049300880629 /* ConstraintInsetTarget.swift */,
				CC78CDBE26E2049300880629 /* ConstraintDirectionalInsetTarget.swift */,
				CC78CDBF26E2049300880629 /* SnapKit.h */,
				CC78CDC026E2049300880629 /* ConstraintConfig.swift */,
				CC78CDC126E2049300880629 /* UILayoutSupport+Extensions.swift */,
				CC78CDC226E2049300880629 /* ConstraintView.swift */,
				CC78CDC326E2049300880629 /* ConstraintLayoutGuide.swift */,
				CC78CDC426E2049300880629 /* ConstraintLayoutSupport.swift */,
				CC78CDC526E2049300880629 /* Typealiases.swift */,
				CC78CDC626E2049300880629 /* ConstraintConstantTarget.swift */,
				CC78CDC726E2049300880629 /* ConstraintOffsetTarget.swift */,
				CC78CDC826E2049300880629 /* ConstraintMakerEditable.swift */,
				CC78CDC926E2049300880629 /* ConstraintMaker.swift */,
				CC78CDCA26E2049300880629 /* ConstraintRelation.swift */,
				CC78CDCB26E2049300880629 /* ConstraintLayoutGuideDSL.swift */,
				CC78CDCC26E2049300880629 /* ConstraintView+Extensions.swift */,
				CC78CDCD26E2049300880629 /* ConstraintItem.swift */,
				CC78CDCE26E2049300880629 /* Constraint.swift */,
				CC78CDCF26E2049300880629 /* Debugging.swift */,
				CC78CDD026E2049300880629 /* ConstraintRelatableTarget.swift */,
				CC78CDD126E2049300880629 /* LayoutConstraint.swift */,
				CC78CDD226E2049300880629 /* ConstraintLayoutGuide+Extensions.swift */,
				CC78CDD326E2049300880629 /* ConstraintDirectionalInsets.swift */,
				CC78CDD426E2049300880629 /* ConstraintLayoutSupportDSL.swift */,
				CC78CDD526E2049300880629 /* ConstraintMakerRelatable.swift */,
			);
			path = SnapKit;
			sourceTree = "<group>";
		};
		CC78CE0026E207F800880629 /* BaseView */ = {
			isa = PBXGroup;
			children = (
				CC78CE0126E2081100880629 /* BaseViewController.swift */,
			);
			path = BaseView;
			sourceTree = "<group>";
		};
		CC83FC4426E76E3400231D76 /* ProductInformation */ = {
			isa = PBXGroup;
			children = (
				CC83FC4526E76E5800231D76 /* Cell */,
				CC83FC4226E76D6D00231D76 /* ProdustInfoListViewController.swift */,
				CC83FC4826EB83D700231D76 /* ProductInformationViewController.swift */,
				CC83FC4A26F0C0DE00231D76 /* AddNewProductInfoViewController.swift */,
			);
			path = ProductInformation;
			sourceTree = "<group>";
		};
		CC83FC4526E76E5800231D76 /* Cell */ = {
			isa = PBXGroup;
			children = (
				CC83FC4626E76E9100231D76 /* ProductInfoTableViewCell.swift */,
			);
			path = Cell;
			sourceTree = "<group>";
		};
		CC83FC4E26F1EA6900231D76 /* FirmInformation */ = {
			isa = PBXGroup;
			children = (
				CC4C750726F2DA5200AC2CD2 /* Cell */,
				CC83FC4F26F1EC8700231D76 /* FirmInfoListViewController.swift */,
				CC4C750526F2196F00AC2CD2 /* FirmInformationViewController.swift */,
				CC4C750A26F3703F00AC2CD2 /* AddNewFirmInfoViewController.swift */,
			);
			path = FirmInformation;
			sourceTree = "<group>";
		};
		FDD34B1DD7E3BEEF96DD96E4 /* Pods */ = {
			isa = PBXGroup;
			children = (
				27833386D7BAD80D9BEBCF2B /* Pods-MengGroceryStore.debug.xcconfig */,
				5ECCD5681F7C0451D232242D /* Pods-MengGroceryStore.release.xcconfig */,
			);
			name = Pods;
			sourceTree = "<group>";
		};
/* End PBXGroup section */

/* Begin PBXNativeTarget section */
		78B65790233A4D790080F717 /* MengGroceryStore */ = {
			isa = PBXNativeTarget;
			buildConfigurationList = 78B657A3233A4D7B0080F717 /* Build configuration list for PBXNativeTarget "MengGroceryStore" */;
			buildPhases = (
				F36A238B3CF09CDD78767E51 /* [CP] Check Pods Manifest.lock */,
				78B6578D233A4D790080F717 /* Sources */,
				78B6578E233A4D790080F717 /* Frameworks */,
				78B6578F233A4D790080F717 /* Resources */,
				A3CD4CD1553C6D3C9C1EA79B /* [CP] Embed Pods Frameworks */,
			);
			buildRules = (
			);
			dependencies = (
			);
			name = MengGroceryStore;
			productName = MengGroceryStore;
			productReference = 78B65791233A4D790080F717 /* MengGroceryStore.app */;
			productType = "com.apple.product-type.application";
		};
/* End PBXNativeTarget section */

/* Begin PBXProject section */
		78B65789233A4D780080F717 /* Project object */ = {
			isa = PBXProject;
			attributes = {
				LastSwiftUpdateCheck = 1020;
				LastUpgradeCheck = 1020;
				ORGANIZATIONNAME = "Una Lee";
				TargetAttributes = {
					78B65790233A4D790080F717 = {
						CreatedOnToolsVersion = 10.2;
					};
				};
			};
			buildConfigurationList = 78B6578C233A4D790080F717 /* Build configuration list for PBXProject "MengGroceryStore" */;
			compatibilityVersion = "Xcode 9.3";
			developmentRegion = en;
			hasScannedForEncodings = 0;
			knownRegions = (
				en,
				Base,
			);
			mainGroup = 78B65788233A4D780080F717;
			productRefGroup = 78B65792233A4D790080F717 /* Products */;
			projectDirPath = "";
			projectRoot = "";
			targets = (
				78B65790233A4D790080F717 /* MengGroceryStore */,
			);
		};
/* End PBXProject section */

/* Begin PBXResourcesBuildPhase section */
		78B6578F233A4D790080F717 /* Resources */ = {
			isa = PBXResourcesBuildPhase;
			buildActionMask = 2147483647;
			files = (
				78B6579F233A4D7B0080F717 /* LaunchScreen.storyboard in Resources */,
				78B657A7233A4F530080F717 /* GoogleService-Info.plist in Resources */,
				78B6579C233A4D7B0080F717 /* Assets.xcassets in Resources */,
				78B6579A233A4D790080F717 /* Main.storyboard in Resources */,
			);
			runOnlyForDeploymentPostprocessing = 0;
		};
/* End PBXResourcesBuildPhase section */

/* Begin PBXShellScriptBuildPhase section */
		A3CD4CD1553C6D3C9C1EA79B /* [CP] Embed Pods Frameworks */ = {
			isa = PBXShellScriptBuildPhase;
			buildActionMask = 2147483647;
			files = (
			);
			inputFileListPaths = (
				"${PODS_ROOT}/Target Support Files/Pods-MengGroceryStore/Pods-MengGroceryStore-frameworks-${CONFIGURATION}-input-files.xcfilelist",
			);
			name = "[CP] Embed Pods Frameworks";
			outputFileListPaths = (
				"${PODS_ROOT}/Target Support Files/Pods-MengGroceryStore/Pods-MengGroceryStore-frameworks-${CONFIGURATION}-output-files.xcfilelist",
			);
			runOnlyForDeploymentPostprocessing = 0;
			shellPath = /bin/sh;
			shellScript = "\"${PODS_ROOT}/Target Support Files/Pods-MengGroceryStore/Pods-MengGroceryStore-frameworks.sh\"\n";
			showEnvVarsInLog = 0;
		};
		F36A238B3CF09CDD78767E51 /* [CP] Check Pods Manifest.lock */ = {
			isa = PBXShellScriptBuildPhase;
			buildActionMask = 2147483647;
			files = (
			);
			inputPaths = (
				"${PODS_PODFILE_DIR_PATH}/Podfile.lock",
				"${PODS_ROOT}/Manifest.lock",
			);
			name = "[CP] Check Pods Manifest.lock";
			outputPaths = (
				"$(DERIVED_FILE_DIR)/Pods-MengGroceryStore-checkManifestLockResult.txt",
			);
			runOnlyForDeploymentPostprocessing = 0;
			shellPath = /bin/sh;
			shellScript = "diff \"${PODS_PODFILE_DIR_PATH}/Podfile.lock\" \"${PODS_ROOT}/Manifest.lock\" > /dev/null\nif [ $? != 0 ] ; then\n    # print error to STDERR\n    echo \"error: The sandbox is not in sync with the Podfile.lock. Run 'pod install' or update your CocoaPods installation.\" >&2\n    exit 1\nfi\n# This output is used by Xcode 'outputs' to avoid re-running this script phase.\necho \"SUCCESS\" > \"${SCRIPT_OUTPUT_FILE_0}\"\n";
			showEnvVarsInLog = 0;
		};
/* End PBXShellScriptBuildPhase section */

/* Begin PBXSourcesBuildPhase section */
		78B6578D233A4D790080F717 /* Sources */ = {
			isa = PBXSourcesBuildPhase;
			buildActionMask = 2147483647;
			files = (
				CC78CDD626E2049300880629 /* ConstraintMultiplierTarget.swift in Sources */,
				78B65797233A4D790080F717 /* ViewController.swift in Sources */,
				CC4C750626F2196F00AC2CD2 /* FirmInformationViewController.swift in Sources */,
				7828FD40234778F0003A6208 /* AddNewProductViewController.swift in Sources */,
				CC78CDEA26E2049300880629 /* ConstraintConstantTarget.swift in Sources */,
				CC78CDDC26E2049300880629 /* ConstraintPriorityTarget.swift in Sources */,
				CC78CDF026E2049300880629 /* ConstraintView+Extensions.swift in Sources */,
				CC83FC5026F1EC8700231D76 /* FirmInfoListViewController.swift in Sources */,
				CC4C750B26F3703F00AC2CD2 /* AddNewFirmInfoViewController.swift in Sources */,
				CC78CDE426E2049300880629 /* ConstraintConfig.swift in Sources */,
				CC78CDF126E2049300880629 /* ConstraintItem.swift in Sources */,
				78DFDEEE233B3E750050CD7C /* ProductListTableViewCell.swift in Sources */,
				CC78CDEC26E2049300880629 /* ConstraintMakerEditable.swift in Sources */,
				78B65795233A4D790080F717 /* AppDelegate.swift in Sources */,
				CC78CDE826E2049300880629 /* ConstraintLayoutSupport.swift in Sources */,
				CC78CDED26E2049300880629 /* ConstraintMaker.swift in Sources */,
				CC83FC4926EB83D700231D76 /* ProductInformationViewController.swift in Sources */,
				78DA7B0D237D7DF000A7B73A /* CheckOutTableViewCell.swift in Sources */,
				78DFDEE2233B1D500050CD7C /* RestockViewController.swift in Sources */,
				CC78CDE926E2049300880629 /* Typealiases.swift in Sources */,
				CC78CDE326E2049300880629 /* ConstraintDirectionalInsetTarget.swift in Sources */,
				CC78CDEE26E2049300880629 /* ConstraintRelation.swift in Sources */,
				CC78CDE626E2049300880629 /* ConstraintView.swift in Sources */,
				CC78CDE126E2049300880629 /* ConstraintPriority.swift in Sources */,
				CC78CDE026E2049300880629 /* ConstraintMakerExtendable.swift in Sources */,
				CC78CDE226E2049300880629 /* ConstraintInsetTarget.swift in Sources */,
				78DFDEE8233B1FCE0050CD7C /* Alert.swift in Sources */,
				CC78CDF926E2049300880629 /* ConstraintMakerRelatable.swift in Sources */,
				CC78CDDA26E2049300880629 /* ConstraintAttributes.swift in Sources */,
				CC78CDFF26E207EA00880629 /* SystemInfo.swift in Sources */,
				CC78CDFB26E205F300880629 /* CommonFunc.swift in Sources */,
				CC78CDDD26E2049300880629 /* ConstraintInsets.swift in Sources */,
				CC78CDFD26E2069700880629 /* Colors.swift in Sources */,
				CC78CDF826E2049300880629 /* ConstraintLayoutSupportDSL.swift in Sources */,
				CC83FC4D26F0D77000231D76 /* FirmInformationModel.swift in Sources */,
				CC78CDF526E2049300880629 /* LayoutConstraint.swift in Sources */,
				78E09B54233D029800897B9A /* SalesProductViewController.swift in Sources */,
				CC78CDF426E2049300880629 /* ConstraintRelatableTarget.swift in Sources */,
				CC78CDEB26E2049300880629 /* ConstraintOffsetTarget.swift in Sources */,
				CC78CE0626E2201900880629 /* PurchaseViewController.swift in Sources */,
				CC83FC4726E76E9100231D76 /* ProductInfoTableViewCell.swift in Sources */,
				CC78CDF726E2049300880629 /* ConstraintDirectionalInsets.swift in Sources */,
				CC78CE0226E2081100880629 /* BaseViewController.swift in Sources */,
				CC83FC4126E7616B00231D76 /* HttpRequest.swift in Sources */,
				CC78CDD726E2049300880629 /* LayoutConstraintItem.swift in Sources */,
				78DFDEF5233BADAB0050CD7C /* ProductDetailViewController.swift in Sources */,
				782BAF99237E8B1800D1D4CB /* Toast.swift in Sources */,
				CC83FC4326E76D6D00231D76 /* ProdustInfoListViewController.swift in Sources */,
				CC4C750926F2DA8200AC2CD2 /* FirmInfoTableViewCell.swift in Sources */,
				78DFDEE4233B1E110050CD7C /* ScanQRCodeViewController.swift in Sources */,
				78D1600A234850C0001FEAFE /* UIViewTool.swift in Sources */,
				CC78CDDE26E2049300880629 /* ConstraintMakerFinalizable.swift in Sources */,
				CC78CE0426E21B3500880629 /* DeviceModel.swift in Sources */,
				CC78CDEF26E2049300880629 /* ConstraintLayoutGuideDSL.swift in Sources */,
				787B4150233E0AF100346A22 /* CheckOutViewController.swift in Sources */,
				78DFDEEA233B21160050CD7C /* UIImageExtension.swift in Sources */,
				CC78CDF626E2049300880629 /* ConstraintLayoutGuide+Extensions.swift in Sources */,
				CC78CDDF26E2049300880629 /* ConstraintDSL.swift in Sources */,
				CC78CDE726E2049300880629 /* ConstraintLayoutGuide.swift in Sources */,
				787B414E233DA1F800346A22 /* SalesProductTableViewCell.swift in Sources */,
				CC83FC3D26E75A9800231D76 /* ConfigSingleton.swift in Sources */,
				CC78CDE526E2049300880629 /* UILayoutSupport+Extensions.swift in Sources */,
				CC78CDF326E2049300880629 /* Debugging.swift in Sources */,
				CC83FC3F26E75F7500231D76 /* ProductInfoModel.swift in Sources */,
				CC78CDD826E2049300880629 /* ConstraintDescription.swift in Sources */,
				CC78CDD926E2049300880629 /* ConstraintMakerPriortizable.swift in Sources */,
				CC78CDF226E2049300880629 /* Constraint.swift in Sources */,
				CC78CDDB26E2049300880629 /* ConstraintViewDSL.swift in Sources */,
				CC83FC4B26F0C0DE00231D76 /* AddNewProductInfoViewController.swift in Sources */,
			);
			runOnlyForDeploymentPostprocessing = 0;
		};
/* End PBXSourcesBuildPhase section */

/* Begin PBXVariantGroup section */
		78B65798233A4D790080F717 /* Main.storyboard */ = {
			isa = PBXVariantGroup;
			children = (
				78B65799233A4D790080F717 /* Base */,
			);
			name = Main.storyboard;
			sourceTree = "<group>";
		};
		78B6579D233A4D7B0080F717 /* LaunchScreen.storyboard */ = {
			isa = PBXVariantGroup;
			children = (
				78B6579E233A4D7B0080F717 /* Base */,
			);
			name = LaunchScreen.storyboard;
			sourceTree = "<group>";
		};
/* End PBXVariantGroup section */

/* Begin XCBuildConfiguration section */
		78B657A1233A4D7B0080F717 /* Debug */ = {
			isa = XCBuildConfiguration;
			buildSettings = {
				ALWAYS_SEARCH_USER_PATHS = NO;
				CLANG_ANALYZER_NONNULL = YES;
				CLANG_ANALYZER_NUMBER_OBJECT_CONVERSION = YES_AGGRESSIVE;
				CLANG_CXX_LANGUAGE_STANDARD = "gnu++14";
				CLANG_CXX_LIBRARY = "libc++";
				CLANG_ENABLE_MODULES = YES;
				CLANG_ENABLE_OBJC_ARC = YES;
				CLANG_ENABLE_OBJC_WEAK = YES;
				CLANG_WARN_BLOCK_CAPTURE_AUTORELEASING = YES;
				CLANG_WARN_BOOL_CONVERSION = YES;
				CLANG_WARN_COMMA = YES;
				CLANG_WARN_CONSTANT_CONVERSION = YES;
				CLANG_WARN_DEPRECATED_OBJC_IMPLEMENTATIONS = YES;
				CLANG_WARN_DIRECT_OBJC_ISA_USAGE = YES_ERROR;
				CLANG_WARN_DOCUMENTATION_COMMENTS = YES;
				CLANG_WARN_EMPTY_BODY = YES;
				CLANG_WARN_ENUM_CONVERSION = YES;
				CLANG_WARN_INFINITE_RECURSION = YES;
				CLANG_WARN_INT_CONVERSION = YES;
				CLANG_WARN_NON_LITERAL_NULL_CONVERSION = YES;
				CLANG_WARN_OBJC_IMPLICIT_RETAIN_SELF = YES;
				CLANG_WARN_OBJC_LITERAL_CONVERSION = YES;
				CLANG_WARN_OBJC_ROOT_CLASS = YES_ERROR;
				CLANG_WARN_RANGE_LOOP_ANALYSIS = YES;
				CLANG_WARN_STRICT_PROTOTYPES = YES;
				CLANG_WARN_SUSPICIOUS_MOVE = YES;
				CLANG_WARN_UNGUARDED_AVAILABILITY = YES_AGGRESSIVE;
				CLANG_WARN_UNREACHABLE_CODE = YES;
				CLANG_WARN__DUPLICATE_METHOD_MATCH = YES;
				CODE_SIGN_IDENTITY = "iPhone Developer";
				COPY_PHASE_STRIP = NO;
				DEBUG_INFORMATION_FORMAT = dwarf;
				ENABLE_STRICT_OBJC_MSGSEND = YES;
				ENABLE_TESTABILITY = YES;
				GCC_C_LANGUAGE_STANDARD = gnu11;
				GCC_DYNAMIC_NO_PIC = NO;
				GCC_NO_COMMON_BLOCKS = YES;
				GCC_OPTIMIZATION_LEVEL = 0;
				GCC_PREPROCESSOR_DEFINITIONS = (
					"DEBUG=1",
					"$(inherited)",
				);
				GCC_WARN_64_TO_32_BIT_CONVERSION = YES;
				GCC_WARN_ABOUT_RETURN_TYPE = YES_ERROR;
				GCC_WARN_UNDECLARED_SELECTOR = YES;
				GCC_WARN_UNINITIALIZED_AUTOS = YES_AGGRESSIVE;
				GCC_WARN_UNUSED_FUNCTION = YES;
				GCC_WARN_UNUSED_VARIABLE = YES;
				IPHONEOS_DEPLOYMENT_TARGET = 12.2;
				MTL_ENABLE_DEBUG_INFO = INCLUDE_SOURCE;
				MTL_FAST_MATH = YES;
				ONLY_ACTIVE_ARCH = YES;
				SDKROOT = iphoneos;
				SWIFT_ACTIVE_COMPILATION_CONDITIONS = DEBUG;
				SWIFT_OPTIMIZATION_LEVEL = "-Onone";
			};
			name = Debug;
		};
		78B657A2233A4D7B0080F717 /* Release */ = {
			isa = XCBuildConfiguration;
			buildSettings = {
				ALWAYS_SEARCH_USER_PATHS = NO;
				CLANG_ANALYZER_NONNULL = YES;
				CLANG_ANALYZER_NUMBER_OBJECT_CONVERSION = YES_AGGRESSIVE;
				CLANG_CXX_LANGUAGE_STANDARD = "gnu++14";
				CLANG_CXX_LIBRARY = "libc++";
				CLANG_ENABLE_MODULES = YES;
				CLANG_ENABLE_OBJC_ARC = YES;
				CLANG_ENABLE_OBJC_WEAK = YES;
				CLANG_WARN_BLOCK_CAPTURE_AUTORELEASING = YES;
				CLANG_WARN_BOOL_CONVERSION = YES;
				CLANG_WARN_COMMA = YES;
				CLANG_WARN_CONSTANT_CONVERSION = YES;
				CLANG_WARN_DEPRECATED_OBJC_IMPLEMENTATIONS = YES;
				CLANG_WARN_DIRECT_OBJC_ISA_USAGE = YES_ERROR;
				CLANG_WARN_DOCUMENTATION_COMMENTS = YES;
				CLANG_WARN_EMPTY_BODY = YES;
				CLANG_WARN_ENUM_CONVERSION = YES;
				CLANG_WARN_INFINITE_RECURSION = YES;
				CLANG_WARN_INT_CONVERSION = YES;
				CLANG_WARN_NON_LITERAL_NULL_CONVERSION = YES;
				CLANG_WARN_OBJC_IMPLICIT_RETAIN_SELF = YES;
				CLANG_WARN_OBJC_LITERAL_CONVERSION = YES;
				CLANG_WARN_OBJC_ROOT_CLASS = YES_ERROR;
				CLANG_WARN_RANGE_LOOP_ANALYSIS = YES;
				CLANG_WARN_STRICT_PROTOTYPES = YES;
				CLANG_WARN_SUSPICIOUS_MOVE = YES;
				CLANG_WARN_UNGUARDED_AVAILABILITY = YES_AGGRESSIVE;
				CLANG_WARN_UNREACHABLE_CODE = YES;
				CLANG_WARN__DUPLICATE_METHOD_MATCH = YES;
				CODE_SIGN_IDENTITY = "iPhone Developer";
				COPY_PHASE_STRIP = NO;
				DEBUG_INFORMATION_FORMAT = "dwarf-with-dsym";
				ENABLE_NS_ASSERTIONS = NO;
				ENABLE_STRICT_OBJC_MSGSEND = YES;
				GCC_C_LANGUAGE_STANDARD = gnu11;
				GCC_NO_COMMON_BLOCKS = YES;
				GCC_WARN_64_TO_32_BIT_CONVERSION = YES;
				GCC_WARN_ABOUT_RETURN_TYPE = YES_ERROR;
				GCC_WARN_UNDECLARED_SELECTOR = YES;
				GCC_WARN_UNINITIALIZED_AUTOS = YES_AGGRESSIVE;
				GCC_WARN_UNUSED_FUNCTION = YES;
				GCC_WARN_UNUSED_VARIABLE = YES;
				IPHONEOS_DEPLOYMENT_TARGET = 12.2;
				MTL_ENABLE_DEBUG_INFO = NO;
				MTL_FAST_MATH = YES;
				SDKROOT = iphoneos;
				SWIFT_COMPILATION_MODE = wholemodule;
				SWIFT_OPTIMIZATION_LEVEL = "-O";
				VALIDATE_PRODUCT = YES;
			};
			name = Release;
		};
		78B657A4233A4D7B0080F717 /* Debug */ = {
			isa = XCBuildConfiguration;
			baseConfigurationReference = 27833386D7BAD80D9BEBCF2B /* Pods-MengGroceryStore.debug.xcconfig */;
			buildSettings = {
				ASSETCATALOG_COMPILER_APPICON_NAME = AppIcon;
				CODE_SIGN_STYLE = Automatic;
				DEVELOPMENT_TEAM = 85Z3N82V35;
				INFOPLIST_FILE = MengGroceryStore/Info.plist;
				IPHONEOS_DEPLOYMENT_TARGET = 11.0;
				LD_RUNPATH_SEARCH_PATHS = (
					"$(inherited)",
					"@executable_path/Frameworks",
				);
				PRODUCT_BUNDLE_IDENTIFIER = una.com.MengGroceryStore;
				PRODUCT_NAME = "$(TARGET_NAME)";
				SWIFT_VERSION = 5.0;
				TARGETED_DEVICE_FAMILY = 1;
			};
			name = Debug;
		};
		78B657A5233A4D7B0080F717 /* Release */ = {
			isa = XCBuildConfiguration;
			baseConfigurationReference = 5ECCD5681F7C0451D232242D /* Pods-MengGroceryStore.release.xcconfig */;
			buildSettings = {
				ASSETCATALOG_COMPILER_APPICON_NAME = AppIcon;
				CODE_SIGN_STYLE = Automatic;
				DEVELOPMENT_TEAM = 85Z3N82V35;
				INFOPLIST_FILE = MengGroceryStore/Info.plist;
				IPHONEOS_DEPLOYMENT_TARGET = 11.0;
				LD_RUNPATH_SEARCH_PATHS = (
					"$(inherited)",
					"@executable_path/Frameworks",
				);
				PRODUCT_BUNDLE_IDENTIFIER = una.com.MengGroceryStore;
				PRODUCT_NAME = "$(TARGET_NAME)";
				SWIFT_VERSION = 5.0;
				TARGETED_DEVICE_FAMILY = 1;
			};
			name = Release;
		};
/* End XCBuildConfiguration section */

/* Begin XCConfigurationList section */
		78B6578C233A4D790080F717 /* Build configuration list for PBXProject "MengGroceryStore" */ = {
			isa = XCConfigurationList;
			buildConfigurations = (
				78B657A1233A4D7B0080F717 /* Debug */,
				78B657A2233A4D7B0080F717 /* Release */,
			);
			defaultConfigurationIsVisible = 0;
			defaultConfigurationName = Release;
		};
		78B657A3233A4D7B0080F717 /* Build configuration list for PBXNativeTarget "MengGroceryStore" */ = {
			isa = XCConfigurationList;
			buildConfigurations = (
				78B657A4233A4D7B0080F717 /* Debug */,
				78B657A5233A4D7B0080F717 /* Release */,
			);
			defaultConfigurationIsVisible = 0;
			defaultConfigurationName = Release;
		};
/* End XCConfigurationList section */
	};
	rootObject = 78B65789233A4D780080F717 /* Project object */;
}
